
Microsoft Visual Studio Solution File, Format Version 12.00
# Visual Studio Version 16
VisualStudioVersion = 16.0.30320.27
MinimumVisualStudioVersion = 10.0.40219.1
Project("{FAE04EC0-301F-11D3-BF4B-00C04F79EFBC}") = "NudeMod", "NudeMod\NudeMod.csproj", "{850808B4-E69C-4BC2-8970-0EF1B08B22A9}"
EndProject
Project("{FAE04EC0-301F-11D3-BF4B-00C04F79EFBC}") = "ScavsHaveBadAim", "ScavsHaveBadAim\ScavsHaveBadAim.csproj", "{C3F50E6B-96B3-4206-9D5E-AC03B5F27F7A}"
EndProject
Project("{FAE04EC0-301F-11D3-BF4B-00C04F79EFBC}") = "ScoreTrackerMod", "TrackerMod\ScoreTrackerMod.csproj", "{13775AB1-902E-4595-A5C4-049F0391CD37}"
EndProject
Project("{FAE04EC0-301F-11D3-BF4B-00C04F79EFBC}") = "consoleTest", "consoleTest\consoleTest.csproj", "{A041E375-8EC5-4144-AAD1-6ECE1BFDB40A}"
EndProject
Project("{FAE04EC0-301F-11D3-BF4B-00C04F79EFBC}") = "RopesAndDreams", "RopesAndDreams\RopesAndDreams.csproj", "{38431FD0-ABD1-4CA3-8B89-923FC0FD34BF}"
EndProject
Project("{FAE04EC0-301F-11D3-BF4B-00C04F79EFBC}") = "LapMod", "LapMod\LapMod.csproj", "{A60472E3-6265-48A6-B676-7DDA27D54785}"
EndProject
Project("{FAE04EC0-301F-11D3-BF4B-00C04F79EFBC}") = "GuardianSemaphore", "GuardianSemaphore\GuardianSemaphore.csproj", "{D65809EF-5B80-49AF-BCA1-B2590D13662D}"
EndProject
Project("{FAE04EC0-301F-11D3-BF4B-00C04F79EFBC}") = "UwUMod", "UWUMod\UwUMod.csproj", "{E444DADE-2650-4C55-80A7-6BB01B8A9441}"
EndProject
Project("{FAE04EC0-301F-11D3-BF4B-00C04F79EFBC}") = "SlugcatIsInvisible", "SlugcatIsInvisible\SlugcatIsInvisible.csproj", "{E27EBC83-ADC5-45D9-A4AF-1361859B6387}"
EndProject
Project("{FAE04EC0-301F-11D3-BF4B-00C04F79EFBC}") = "LizardSkin", "LizardSkin\LizardSkin.csproj", "{61CC62BE-031E-475E-B30C-0E0AC08AE4F2}"
EndProject
Project("{FAE04EC0-301F-11D3-BF4B-00C04F79EFBC}") = "KeybindsRandomizer", "KeybindsRandomizer\KeybindsRandomizer.csproj", "{8D717714-DA60-4DDA-8B93-1A186D5D1437}"
EndProject
Project("{FAE04EC0-301F-11D3-BF4B-00C04F79EFBC}") = "NewGamePassageMod", "NewGamePassageMod\NewGamePassageMod.csproj", "{9EA4ADC2-8922-4831-A527-8735E1277607}"
EndProject
Project("{FAE04EC0-301F-11D3-BF4B-00C04F79EFBC}") = "Climbables", "Climbables\Climbables.csproj", "{7AE76355-80C1-4268-ABA7-E73836345C32}"
EndProject
Project("{FAE04EC0-301F-11D3-BF4B-00C04F79EFBC}") = "DevelopmentBuild", "DevelopmentBuild\DevelopmentBuild.csproj", "{423B0193-15D1-442E-83CF-DFC6F00175FE}"
EndProject
Project("{FAE04EC0-301F-11D3-BF4B-00C04F79EFBC}") = "ConcealedGarden", "ConcealedGarden\ConcealedGarden.csproj", "{C239E36C-33C7-4CBD-830E-E644F9FFF8B0}"
EndProject
Project("{FAE04EC0-301F-11D3-BF4B-00C04F79EFBC}") = "PacifismEnforcer", "PacifismEnforcer\PacifismEnforcer.csproj", "{DB8ECAA5-59A1-40D6-B9CA-7195B9F670B2}"
EndProject
Project("{FAE04EC0-301F-11D3-BF4B-00C04F79EFBC}") = "ProgrammerCat", "ProgrammerCat\ProgrammerCat.csproj", "{409CB8E0-9476-45C5-867C-1865D231FBCD}"
EndProject
Project("{FAE04EC0-301F-11D3-BF4B-00C04F79EFBC}") = "MoreSlugcats", "MoooreSlugcats\MoreSlugcats.csproj", "{024A8D31-9CA5-442F-A477-5BAF59B75EC0}"
EndProject
Project("{FAE04EC0-301F-11D3-BF4B-00C04F79EFBC}") = "OnTopOfTerrainHandFix", "OnTopOfTerrainHandFix\OnTopOfTerrainHandFix.csproj", "{46A66AB7-B959-4846-9B0B-78D9CB3BE916}"
EndProject
Project("{FAE04EC0-301F-11D3-BF4B-00C04F79EFBC}") = "CustomSpritesLoader", "CustomSpritesLoader\CustomSpritesLoader.csproj", "{7AEF23FE-5AB2-422C-89EE-CCB050B86A76}"
EndProject
Project("{FAE04EC0-301F-11D3-BF4B-00C04F79EFBC}") = "AsymmetricalSpriteSupport", "AsymmetricalSpriteSupport\AsymmetricalSpriteSupport.csproj", "{5F970DB7-E20B-4E75-AD17-2D3839B808E8}"
EndProject
Project("{FAE04EC0-301F-11D3-BF4B-00C04F79EFBC}") = "ExtendedGates", "ExtendedGates\ExtendedGates.csproj", "{F992C61D-3B6A-47E1-BD21-A75925EA5C1E}"
EndProject
Project("{FAE04EC0-301F-11D3-BF4B-00C04F79EFBC}") = "ShelterBehaviors", "ShelterBehaviors\ShelterBehaviors.csproj", "{5A1AFAE3-8C39-43ED-A204-0CDEFBD06264}"
EndProject
Project("{FAE04EC0-301F-11D3-BF4B-00C04F79EFBC}") = "ManagedPlacedObjects", "ManagedPlacedObjects\ManagedPlacedObjects.csproj", "{A5E1E800-EE17-4347-9488-EF8F3E929B78}"
EndProject
Project("{FAE04EC0-301F-11D3-BF4B-00C04F79EFBC}") = "PopupsMod", "PopupsMod\PopupsMod.csproj", "{25A321E7-ABD9-48DF-BB3C-FAA6A476915C}"
EndProject
Project("{FAE04EC0-301F-11D3-BF4B-00C04F79EFBC}") = "SlipperySlopeMod", "SlipperySlopeMod\SlipperySlopeMod.csproj", "{087D00F9-B5ED-4D01-8DA5-1AFBB71C479D}"
EndProject
Project("{FAE04EC0-301F-11D3-BF4B-00C04F79EFBC}") = "ElectricArcs", "ElectricArcs\ElectricArcs.csproj", "{86D2DB98-E5A7-4754-A8EC-7FA8218D4507}"
EndProject
Project("{FAE04EC0-301F-11D3-BF4B-00C04F79EFBC}") = "DeathHook", "DeathHook\DeathHook.csproj", "{8C39B6DE-5775-4BBA-A83C-C3D87A51A814}"
EndProject
Project("{FAE04EC0-301F-11D3-BF4B-00C04F79EFBC}") = "DecalsHook", "DecalsHook\DecalsHook.csproj", "{F41831BB-91FF-435B-9BB2-178EC5147B2F}"
EndProject
Project("{FAE04EC0-301F-11D3-BF4B-00C04F79EFBC}") = "ShaderTester", "ShaderTester\ShaderTester.csproj", "{2D796E3F-318E-4388-B5D6-798579F7E8FE}"
EndProject
Project("{FAE04EC0-301F-11D3-BF4B-00C04F79EFBC}") = "SilentEchos", "SilentEchos\SilentEchos.csproj", "{429F7F9E-10A5-4346-A118-19489694B304}"
EndProject
Project("{2150E333-8FDC-42A3-9474-1A3956D46DE8}") = "Solution Items", "Solution Items", "{C2122CA1-5716-435C-89F5-D3339C2B4A66}"
	ProjectSection(SolutionItems) = preProject
		.editorconfig = .editorconfig
	EndProjectSection
EndProject
Project("{FAE04EC0-301F-11D3-BF4B-00C04F79EFBC}") = "ModdingDatingSim", "ModdingDatingSim\ModdingDatingSim.csproj", "{D3FB47DD-1BFF-4EA6-B67A-009564BDC428}"
EndProject
Project("{FAE04EC0-301F-11D3-BF4B-00C04F79EFBC}") = "SavePreparator", "SavePreparator\SavePreparator.csproj", "{2A1664D1-3F0D-44CC-A823-70E7B09E9CAC}"
EndProject
Project("{FAE04EC0-301F-11D3-BF4B-00C04F79EFBC}") = "MapExporter", "MapExporter\MapExporter.csproj", "{B77EFD1D-F354-4F6E-8448-B104A6ED45DA}"
EndProject
Project("{FAE04EC0-301F-11D3-BF4B-00C04F79EFBC}") = "TestMod", "TestMod\TestMod.csproj", "{703744CF-CCBE-4EDE-A9F2-E184B18C0C3E}"
EndProject
Project("{FAE04EC0-301F-11D3-BF4B-00C04F79EFBC}") = "MapWarp", "MapWarp\MapWarp.csproj", "{23B78C7B-82D1-4307-9693-D2C9A40045BA}"
EndProject
Project("{FAE04EC0-301F-11D3-BF4B-00C04F79EFBC}") = "HurricaneModPort", "HurricaneModPort\HurricaneModPort.csproj", "{96E12380-E89F-4472-B83A-245CE1E20F34}"
EndProject
Project("{FAE04EC0-301F-11D3-BF4B-00C04F79EFBC}") = "ZandrasCharacterPackPort", "ZandrasCharacterPackPort\ZandrasCharacterPackPort.csproj", "{FAABCC21-DD51-4DD0-B811-18E4C2FB9B0E}"
EndProject
Project("{FAE04EC0-301F-11D3-BF4B-00C04F79EFBC}") = "WeirdCharacterPack", "WeirdCharacterPack\WeirdCharacterPack.csproj", "{3EBFF5E6-42A6-420A-BC2C-F482BB7FCA15}"
EndProject
Project("{FAE04EC0-301F-11D3-BF4B-00C04F79EFBC}") = "Squiddy", "Squiddy\Squiddy.csproj", "{81EEFF10-6E37-4388-B127-E1EBD3572D7B}"
EndProject
Project("{FAE04EC0-301F-11D3-BF4B-00C04F79EFBC}") = "SpawnMenu", "SpawnMenu\SpawnMenu.csproj", "{DA65E69A-E777-4F19-8A49-8225ADF9CEED}"
EndProject
Project("{FAE04EC0-301F-11D3-BF4B-00C04F79EFBC}") = "CameraFreeze", "CameraFreeze\CameraFreeze.csproj", "{BDB07E55-7D2F-4325-8B52-2D9BF15ADC43}"
EndProject
Global
	GlobalSection(SolutionConfigurationPlatforms) = preSolution
		Debug|Any CPU = Debug|Any CPU
		Release|Any CPU = Release|Any CPU
	EndGlobalSection
	GlobalSection(ProjectConfigurationPlatforms) = postSolution
		{850808B4-E69C-4BC2-8970-0EF1B08B22A9}.Debug|Any CPU.ActiveCfg = Debug|Any CPU
		{850808B4-E69C-4BC2-8970-0EF1B08B22A9}.Debug|Any CPU.Build.0 = Debug|Any CPU
		{850808B4-E69C-4BC2-8970-0EF1B08B22A9}.Release|Any CPU.ActiveCfg = Release|Any CPU
		{850808B4-E69C-4BC2-8970-0EF1B08B22A9}.Release|Any CPU.Build.0 = Release|Any CPU
		{C3F50E6B-96B3-4206-9D5E-AC03B5F27F7A}.Debug|Any CPU.ActiveCfg = Debug|Any CPU
		{C3F50E6B-96B3-4206-9D5E-AC03B5F27F7A}.Debug|Any CPU.Build.0 = Debug|Any CPU
		{C3F50E6B-96B3-4206-9D5E-AC03B5F27F7A}.Release|Any CPU.ActiveCfg = Release|Any CPU
		{C3F50E6B-96B3-4206-9D5E-AC03B5F27F7A}.Release|Any CPU.Build.0 = Release|Any CPU
		{13775AB1-902E-4595-A5C4-049F0391CD37}.Debug|Any CPU.ActiveCfg = Debug|Any CPU
		{13775AB1-902E-4595-A5C4-049F0391CD37}.Debug|Any CPU.Build.0 = Debug|Any CPU
		{13775AB1-902E-4595-A5C4-049F0391CD37}.Release|Any CPU.ActiveCfg = Release|Any CPU
		{13775AB1-902E-4595-A5C4-049F0391CD37}.Release|Any CPU.Build.0 = Release|Any CPU
		{A041E375-8EC5-4144-AAD1-6ECE1BFDB40A}.Debug|Any CPU.ActiveCfg = Debug|Any CPU
		{A041E375-8EC5-4144-AAD1-6ECE1BFDB40A}.Debug|Any CPU.Build.0 = Debug|Any CPU
		{A041E375-8EC5-4144-AAD1-6ECE1BFDB40A}.Release|Any CPU.ActiveCfg = Release|Any CPU
		{A041E375-8EC5-4144-AAD1-6ECE1BFDB40A}.Release|Any CPU.Build.0 = Release|Any CPU
		{38431FD0-ABD1-4CA3-8B89-923FC0FD34BF}.Debug|Any CPU.ActiveCfg = Debug|Any CPU
		{38431FD0-ABD1-4CA3-8B89-923FC0FD34BF}.Debug|Any CPU.Build.0 = Debug|Any CPU
		{38431FD0-ABD1-4CA3-8B89-923FC0FD34BF}.Release|Any CPU.ActiveCfg = Release|Any CPU
		{38431FD0-ABD1-4CA3-8B89-923FC0FD34BF}.Release|Any CPU.Build.0 = Release|Any CPU
		{A60472E3-6265-48A6-B676-7DDA27D54785}.Debug|Any CPU.ActiveCfg = Debug|Any CPU
		{A60472E3-6265-48A6-B676-7DDA27D54785}.Debug|Any CPU.Build.0 = Debug|Any CPU
		{A60472E3-6265-48A6-B676-7DDA27D54785}.Release|Any CPU.ActiveCfg = Release|Any CPU
		{A60472E3-6265-48A6-B676-7DDA27D54785}.Release|Any CPU.Build.0 = Release|Any CPU
		{D65809EF-5B80-49AF-BCA1-B2590D13662D}.Debug|Any CPU.ActiveCfg = Debug|Any CPU
		{D65809EF-5B80-49AF-BCA1-B2590D13662D}.Debug|Any CPU.Build.0 = Debug|Any CPU
		{D65809EF-5B80-49AF-BCA1-B2590D13662D}.Release|Any CPU.ActiveCfg = Release|Any CPU
		{D65809EF-5B80-49AF-BCA1-B2590D13662D}.Release|Any CPU.Build.0 = Release|Any CPU
		{E444DADE-2650-4C55-80A7-6BB01B8A9441}.Debug|Any CPU.ActiveCfg = Debug|Any CPU
		{E444DADE-2650-4C55-80A7-6BB01B8A9441}.Debug|Any CPU.Build.0 = Debug|Any CPU
		{E444DADE-2650-4C55-80A7-6BB01B8A9441}.Release|Any CPU.ActiveCfg = Wewease|Any CPU
		{E444DADE-2650-4C55-80A7-6BB01B8A9441}.Release|Any CPU.Build.0 = Wewease|Any CPU
		{E27EBC83-ADC5-45D9-A4AF-1361859B6387}.Debug|Any CPU.ActiveCfg = Debug|Any CPU
		{E27EBC83-ADC5-45D9-A4AF-1361859B6387}.Debug|Any CPU.Build.0 = Debug|Any CPU
		{E27EBC83-ADC5-45D9-A4AF-1361859B6387}.Release|Any CPU.ActiveCfg = Release|Any CPU
		{E27EBC83-ADC5-45D9-A4AF-1361859B6387}.Release|Any CPU.Build.0 = Release|Any CPU
		{61CC62BE-031E-475E-B30C-0E0AC08AE4F2}.Debug|Any CPU.ActiveCfg = Debug|Any CPU
		{61CC62BE-031E-475E-B30C-0E0AC08AE4F2}.Debug|Any CPU.Build.0 = Debug|Any CPU
		{61CC62BE-031E-475E-B30C-0E0AC08AE4F2}.Release|Any CPU.ActiveCfg = Release|Any CPU
		{61CC62BE-031E-475E-B30C-0E0AC08AE4F2}.Release|Any CPU.Build.0 = Release|Any CPU
		{8D717714-DA60-4DDA-8B93-1A186D5D1437}.Debug|Any CPU.ActiveCfg = Debug|Any CPU
		{8D717714-DA60-4DDA-8B93-1A186D5D1437}.Debug|Any CPU.Build.0 = Debug|Any CPU
		{8D717714-DA60-4DDA-8B93-1A186D5D1437}.Release|Any CPU.ActiveCfg = Release|Any CPU
		{8D717714-DA60-4DDA-8B93-1A186D5D1437}.Release|Any CPU.Build.0 = Release|Any CPU
		{9EA4ADC2-8922-4831-A527-8735E1277607}.Debug|Any CPU.ActiveCfg = Debug|Any CPU
		{9EA4ADC2-8922-4831-A527-8735E1277607}.Debug|Any CPU.Build.0 = Debug|Any CPU
		{9EA4ADC2-8922-4831-A527-8735E1277607}.Release|Any CPU.ActiveCfg = Release|Any CPU
		{9EA4ADC2-8922-4831-A527-8735E1277607}.Release|Any CPU.Build.0 = Release|Any CPU
		{7AE76355-80C1-4268-ABA7-E73836345C32}.Debug|Any CPU.ActiveCfg = Debug|Any CPU
		{7AE76355-80C1-4268-ABA7-E73836345C32}.Debug|Any CPU.Build.0 = Debug|Any CPU
		{7AE76355-80C1-4268-ABA7-E73836345C32}.Release|Any CPU.ActiveCfg = Release|Any CPU
		{7AE76355-80C1-4268-ABA7-E73836345C32}.Release|Any CPU.Build.0 = Release|Any CPU
		{423B0193-15D1-442E-83CF-DFC6F00175FE}.Debug|Any CPU.ActiveCfg = Debug|Any CPU
		{423B0193-15D1-442E-83CF-DFC6F00175FE}.Debug|Any CPU.Build.0 = Debug|Any CPU
		{423B0193-15D1-442E-83CF-DFC6F00175FE}.Release|Any CPU.ActiveCfg = Release|Any CPU
		{423B0193-15D1-442E-83CF-DFC6F00175FE}.Release|Any CPU.Build.0 = Release|Any CPU
		{C239E36C-33C7-4CBD-830E-E644F9FFF8B0}.Debug|Any CPU.ActiveCfg = Debug|Any CPU
		{C239E36C-33C7-4CBD-830E-E644F9FFF8B0}.Debug|Any CPU.Build.0 = Debug|Any CPU
		{C239E36C-33C7-4CBD-830E-E644F9FFF8B0}.Release|Any CPU.ActiveCfg = Release|Any CPU
		{C239E36C-33C7-4CBD-830E-E644F9FFF8B0}.Release|Any CPU.Build.0 = Release|Any CPU
		{DB8ECAA5-59A1-40D6-B9CA-7195B9F670B2}.Debug|Any CPU.ActiveCfg = Debug|Any CPU
		{DB8ECAA5-59A1-40D6-B9CA-7195B9F670B2}.Debug|Any CPU.Build.0 = Debug|Any CPU
		{DB8ECAA5-59A1-40D6-B9CA-7195B9F670B2}.Release|Any CPU.ActiveCfg = Release|Any CPU
		{DB8ECAA5-59A1-40D6-B9CA-7195B9F670B2}.Release|Any CPU.Build.0 = Release|Any CPU
		{409CB8E0-9476-45C5-867C-1865D231FBCD}.Debug|Any CPU.ActiveCfg = Debug|Any CPU
		{409CB8E0-9476-45C5-867C-1865D231FBCD}.Debug|Any CPU.Build.0 = Debug|Any CPU
		{409CB8E0-9476-45C5-867C-1865D231FBCD}.Release|Any CPU.ActiveCfg = Release|Any CPU
		{409CB8E0-9476-45C5-867C-1865D231FBCD}.Release|Any CPU.Build.0 = Release|Any CPU
		{024A8D31-9CA5-442F-A477-5BAF59B75EC0}.Debug|Any CPU.ActiveCfg = Debug|Any CPU
		{024A8D31-9CA5-442F-A477-5BAF59B75EC0}.Debug|Any CPU.Build.0 = Debug|Any CPU
		{024A8D31-9CA5-442F-A477-5BAF59B75EC0}.Release|Any CPU.ActiveCfg = Release|Any CPU
		{024A8D31-9CA5-442F-A477-5BAF59B75EC0}.Release|Any CPU.Build.0 = Release|Any CPU
		{46A66AB7-B959-4846-9B0B-78D9CB3BE916}.Debug|Any CPU.ActiveCfg = Debug|Any CPU
		{46A66AB7-B959-4846-9B0B-78D9CB3BE916}.Debug|Any CPU.Build.0 = Debug|Any CPU
		{46A66AB7-B959-4846-9B0B-78D9CB3BE916}.Release|Any CPU.ActiveCfg = Release|Any CPU
		{46A66AB7-B959-4846-9B0B-78D9CB3BE916}.Release|Any CPU.Build.0 = Release|Any CPU
		{7AEF23FE-5AB2-422C-89EE-CCB050B86A76}.Debug|Any CPU.ActiveCfg = Debug|Any CPU
		{7AEF23FE-5AB2-422C-89EE-CCB050B86A76}.Debug|Any CPU.Build.0 = Debug|Any CPU
		{7AEF23FE-5AB2-422C-89EE-CCB050B86A76}.Release|Any CPU.ActiveCfg = Release|Any CPU
		{7AEF23FE-5AB2-422C-89EE-CCB050B86A76}.Release|Any CPU.Build.0 = Release|Any CPU
		{5F970DB7-E20B-4E75-AD17-2D3839B808E8}.Debug|Any CPU.ActiveCfg = Debug|Any CPU
		{5F970DB7-E20B-4E75-AD17-2D3839B808E8}.Debug|Any CPU.Build.0 = Debug|Any CPU
		{5F970DB7-E20B-4E75-AD17-2D3839B808E8}.Release|Any CPU.ActiveCfg = Release|Any CPU
		{5F970DB7-E20B-4E75-AD17-2D3839B808E8}.Release|Any CPU.Build.0 = Release|Any CPU
		{F992C61D-3B6A-47E1-BD21-A75925EA5C1E}.Debug|Any CPU.ActiveCfg = Debug|Any CPU
		{F992C61D-3B6A-47E1-BD21-A75925EA5C1E}.Debug|Any CPU.Build.0 = Debug|Any CPU
		{F992C61D-3B6A-47E1-BD21-A75925EA5C1E}.Release|Any CPU.ActiveCfg = Release|Any CPU
		{F992C61D-3B6A-47E1-BD21-A75925EA5C1E}.Release|Any CPU.Build.0 = Release|Any CPU
		{5A1AFAE3-8C39-43ED-A204-0CDEFBD06264}.Debug|Any CPU.ActiveCfg = Debug|Any CPU
		{5A1AFAE3-8C39-43ED-A204-0CDEFBD06264}.Debug|Any CPU.Build.0 = Debug|Any CPU
		{5A1AFAE3-8C39-43ED-A204-0CDEFBD06264}.Release|Any CPU.ActiveCfg = Release|Any CPU
		{5A1AFAE3-8C39-43ED-A204-0CDEFBD06264}.Release|Any CPU.Build.0 = Release|Any CPU
		{A5E1E800-EE17-4347-9488-EF8F3E929B78}.Debug|Any CPU.ActiveCfg = Debug|Any CPU
		{A5E1E800-EE17-4347-9488-EF8F3E929B78}.Debug|Any CPU.Build.0 = Debug|Any CPU
		{A5E1E800-EE17-4347-9488-EF8F3E929B78}.Release|Any CPU.ActiveCfg = Release|Any CPU
		{A5E1E800-EE17-4347-9488-EF8F3E929B78}.Release|Any CPU.Build.0 = Release|Any CPU
		{25A321E7-ABD9-48DF-BB3C-FAA6A476915C}.Debug|Any CPU.ActiveCfg = Debug|Any CPU
		{25A321E7-ABD9-48DF-BB3C-FAA6A476915C}.Debug|Any CPU.Build.0 = Debug|Any CPU
		{25A321E7-ABD9-48DF-BB3C-FAA6A476915C}.Release|Any CPU.ActiveCfg = Release|Any CPU
		{25A321E7-ABD9-48DF-BB3C-FAA6A476915C}.Release|Any CPU.Build.0 = Release|Any CPU
		{087D00F9-B5ED-4D01-8DA5-1AFBB71C479D}.Debug|Any CPU.ActiveCfg = Debug|Any CPU
		{087D00F9-B5ED-4D01-8DA5-1AFBB71C479D}.Debug|Any CPU.Build.0 = Debug|Any CPU
		{087D00F9-B5ED-4D01-8DA5-1AFBB71C479D}.Release|Any CPU.ActiveCfg = Release|Any CPU
		{087D00F9-B5ED-4D01-8DA5-1AFBB71C479D}.Release|Any CPU.Build.0 = Release|Any CPU
		{86D2DB98-E5A7-4754-A8EC-7FA8218D4507}.Debug|Any CPU.ActiveCfg = Debug|Any CPU
		{86D2DB98-E5A7-4754-A8EC-7FA8218D4507}.Debug|Any CPU.Build.0 = Debug|Any CPU
		{86D2DB98-E5A7-4754-A8EC-7FA8218D4507}.Release|Any CPU.ActiveCfg = Release|Any CPU
		{86D2DB98-E5A7-4754-A8EC-7FA8218D4507}.Release|Any CPU.Build.0 = Release|Any CPU
		{8C39B6DE-5775-4BBA-A83C-C3D87A51A814}.Debug|Any CPU.ActiveCfg = Debug|Any CPU
		{8C39B6DE-5775-4BBA-A83C-C3D87A51A814}.Debug|Any CPU.Build.0 = Debug|Any CPU
		{8C39B6DE-5775-4BBA-A83C-C3D87A51A814}.Release|Any CPU.ActiveCfg = Release|Any CPU
		{8C39B6DE-5775-4BBA-A83C-C3D87A51A814}.Release|Any CPU.Build.0 = Release|Any CPU
		{F41831BB-91FF-435B-9BB2-178EC5147B2F}.Debug|Any CPU.ActiveCfg = Debug|Any CPU
		{F41831BB-91FF-435B-9BB2-178EC5147B2F}.Debug|Any CPU.Build.0 = Debug|Any CPU
		{F41831BB-91FF-435B-9BB2-178EC5147B2F}.Release|Any CPU.ActiveCfg = Release|Any CPU
		{F41831BB-91FF-435B-9BB2-178EC5147B2F}.Release|Any CPU.Build.0 = Release|Any CPU
		{2D796E3F-318E-4388-B5D6-798579F7E8FE}.Debug|Any CPU.ActiveCfg = Debug|Any CPU
		{2D796E3F-318E-4388-B5D6-798579F7E8FE}.Debug|Any CPU.Build.0 = Debug|Any CPU
		{2D796E3F-318E-4388-B5D6-798579F7E8FE}.Release|Any CPU.ActiveCfg = Release|Any CPU
		{2D796E3F-318E-4388-B5D6-798579F7E8FE}.Release|Any CPU.Build.0 = Release|Any CPU
		{429F7F9E-10A5-4346-A118-19489694B304}.Debug|Any CPU.ActiveCfg = Debug|Any CPU
		{429F7F9E-10A5-4346-A118-19489694B304}.Debug|Any CPU.Build.0 = Debug|Any CPU
		{429F7F9E-10A5-4346-A118-19489694B304}.Release|Any CPU.ActiveCfg = Release|Any CPU
		{429F7F9E-10A5-4346-A118-19489694B304}.Release|Any CPU.Build.0 = Release|Any CPU
		{D3FB47DD-1BFF-4EA6-B67A-009564BDC428}.Debug|Any CPU.ActiveCfg = Debug|Any CPU
		{D3FB47DD-1BFF-4EA6-B67A-009564BDC428}.Debug|Any CPU.Build.0 = Debug|Any CPU
		{D3FB47DD-1BFF-4EA6-B67A-009564BDC428}.Release|Any CPU.ActiveCfg = Release|Any CPU
		{D3FB47DD-1BFF-4EA6-B67A-009564BDC428}.Release|Any CPU.Build.0 = Release|Any CPU
		{2A1664D1-3F0D-44CC-A823-70E7B09E9CAC}.Debug|Any CPU.ActiveCfg = Debug|Any CPU
		{2A1664D1-3F0D-44CC-A823-70E7B09E9CAC}.Debug|Any CPU.Build.0 = Debug|Any CPU
		{2A1664D1-3F0D-44CC-A823-70E7B09E9CAC}.Release|Any CPU.ActiveCfg = Release|Any CPU
		{2A1664D1-3F0D-44CC-A823-70E7B09E9CAC}.Release|Any CPU.Build.0 = Release|Any CPU
		{B77EFD1D-F354-4F6E-8448-B104A6ED45DA}.Debug|Any CPU.ActiveCfg = Debug|Any CPU
		{B77EFD1D-F354-4F6E-8448-B104A6ED45DA}.Debug|Any CPU.Build.0 = Debug|Any CPU
		{B77EFD1D-F354-4F6E-8448-B104A6ED45DA}.Release|Any CPU.ActiveCfg = Release|Any CPU
		{B77EFD1D-F354-4F6E-8448-B104A6ED45DA}.Release|Any CPU.Build.0 = Release|Any CPU
		{703744CF-CCBE-4EDE-A9F2-E184B18C0C3E}.Debug|Any CPU.ActiveCfg = Debug|Any CPU
		{703744CF-CCBE-4EDE-A9F2-E184B18C0C3E}.Debug|Any CPU.Build.0 = Debug|Any CPU
		{703744CF-CCBE-4EDE-A9F2-E184B18C0C3E}.Release|Any CPU.ActiveCfg = Release|Any CPU
		{703744CF-CCBE-4EDE-A9F2-E184B18C0C3E}.Release|Any CPU.Build.0 = Release|Any CPU
		{23B78C7B-82D1-4307-9693-D2C9A40045BA}.Debug|Any CPU.ActiveCfg = Debug|Any CPU
		{23B78C7B-82D1-4307-9693-D2C9A40045BA}.Debug|Any CPU.Build.0 = Debug|Any CPU
		{23B78C7B-82D1-4307-9693-D2C9A40045BA}.Release|Any CPU.ActiveCfg = Release|Any CPU
		{23B78C7B-82D1-4307-9693-D2C9A40045BA}.Release|Any CPU.Build.0 = Release|Any CPU
		{96E12380-E89F-4472-B83A-245CE1E20F34}.Debug|Any CPU.ActiveCfg = Debug|Any CPU
		{96E12380-E89F-4472-B83A-245CE1E20F34}.Debug|Any CPU.Build.0 = Debug|Any CPU
		{96E12380-E89F-4472-B83A-245CE1E20F34}.Release|Any CPU.ActiveCfg = Release|Any CPU
		{96E12380-E89F-4472-B83A-245CE1E20F34}.Release|Any CPU.Build.0 = Release|Any CPU
		{FAABCC21-DD51-4DD0-B811-18E4C2FB9B0E}.Debug|Any CPU.ActiveCfg = Debug|Any CPU
		{FAABCC21-DD51-4DD0-B811-18E4C2FB9B0E}.Debug|Any CPU.Build.0 = Debug|Any CPU
		{FAABCC21-DD51-4DD0-B811-18E4C2FB9B0E}.Release|Any CPU.ActiveCfg = Release|Any CPU
		{FAABCC21-DD51-4DD0-B811-18E4C2FB9B0E}.Release|Any CPU.Build.0 = Release|Any CPU
		{3EBFF5E6-42A6-420A-BC2C-F482BB7FCA15}.Debug|Any CPU.ActiveCfg = Debug|Any CPU
		{3EBFF5E6-42A6-420A-BC2C-F482BB7FCA15}.Debug|Any CPU.Build.0 = Debug|Any CPU
		{3EBFF5E6-42A6-420A-BC2C-F482BB7FCA15}.Release|Any CPU.ActiveCfg = Release|Any CPU
		{3EBFF5E6-42A6-420A-BC2C-F482BB7FCA15}.Release|Any CPU.Build.0 = Release|Any CPU
		{81EEFF10-6E37-4388-B127-E1EBD3572D7B}.Debug|Any CPU.ActiveCfg = Debug|Any CPU
		{81EEFF10-6E37-4388-B127-E1EBD3572D7B}.Debug|Any CPU.Build.0 = Debug|Any CPU
		{81EEFF10-6E37-4388-B127-E1EBD3572D7B}.Release|Any CPU.ActiveCfg = Release|Any CPU
		{81EEFF10-6E37-4388-B127-E1EBD3572D7B}.Release|Any CPU.Build.0 = Release|Any CPU
		{DA65E69A-E777-4F19-8A49-8225ADF9CEED}.Debug|Any CPU.ActiveCfg = Debug|Any CPU
		{DA65E69A-E777-4F19-8A49-8225ADF9CEED}.Debug|Any CPU.Build.0 = Debug|Any CPU
		{DA65E69A-E777-4F19-8A49-8225ADF9CEED}.Release|Any CPU.ActiveCfg = Release|Any CPU
		{DA65E69A-E777-4F19-8A49-8225ADF9CEED}.Release|Any CPU.Build.0 = Release|Any CPU
		{BDB07E55-7D2F-4325-8B52-2D9BF15ADC43}.Debug|Any CPU.ActiveCfg = Debug|Any CPU
		{BDB07E55-7D2F-4325-8B52-2D9BF15ADC43}.Debug|Any CPU.Build.0 = Debug|Any CPU
		{BDB07E55-7D2F-4325-8B52-2D9BF15ADC43}.Release|Any CPU.ActiveCfg = Release|Any CPU
		{BDB07E55-7D2F-4325-8B52-2D9BF15ADC43}.Release|Any CPU.Build.0 = Release|Any CPU
	EndGlobalSection
	GlobalSection(SolutionProperties) = preSolution
		HideSolutionNode = FALSE
	EndGlobalSection
	GlobalSection(ExtensibilityGlobals) = postSolution
		SolutionGuid = {3C44D97F-31BF-47FA-B61F-85DB14563321}
	EndGlobalSection
EndGlobal
