
Microsoft Visual Studio Solution File, Format Version 12.00
# Visual Studio 15
VisualStudioVersion = 15.0.28307.539
MinimumVisualStudioVersion = 10.0.40219.1
Project("{FAE04EC0-301F-11D3-BF4B-00C04F79EFBC}") = "PartModPartMeme", "PartModPartMeme\PartModPartMeme.csproj", "{850808B4-E69C-4BC2-8970-0EF1B08B22A9}"
EndProject
Global
	GlobalSection(SolutionConfigurationPlatforms) = preSolution
		Debug|Any CPU = Debug|Any CPU
		Release|Any CPU = Release|Any CPU
	EndGlobalSection
	GlobalSection(ProjectConfigurationPlatforms) = postSolution
		{850808B4-E69C-4BC2-8970-0EF1B08B22A9}.Debug|Any CPU.ActiveCfg = Debug|Any CPU
		{850808B4-E69C-4BC2-8970-0EF1B08B22A9}.Debug|Any CPU.Build.0 = Debug|Any CPU
		{850808B4-E69C-4BC2-8970-0EF1B08B22A9}.Release|Any CPU.ActiveCfg = Release|Any CPU
		{850808B4-E69C-4BC2-8970-0EF1B08B22A9}.Release|Any CPU.Build.0 = Release|Any CPU
	EndGlobalSection
	GlobalSection(SolutionProperties) = preSolution
		HideSolutionNode = FALSE
	EndGlobalSection
	GlobalSection(ExtensibilityGlobals) = postSolution
		SolutionGuid = {3C44D97F-31BF-47FA-B61F-85DB14563321}
	EndGlobalSection
EndGlobal
