
Microsoft Visual Studio Solution File, Format Version 12.00
# Visual Studio Version 16
VisualStudioVersion = 16.0.30320.27
MinimumVisualStudioVersion = 10.0.40219.1
Project("{FAE04EC0-301F-11D3-BF4B-00C04F79EFBC}") = "NudeMod", "NudeMod\NudeMod.csproj", "{850808B4-E69C-4BC2-8970-0EF1B08B22A9}"
EndProject
Project("{FAE04EC0-301F-11D3-BF4B-00C04F79EFBC}") = "ScavsHaveBadAim", "ScavsHaveBadAim\ScavsHaveBadAim.csproj", "{C3F50E6B-96B3-4206-9D5E-AC03B5F27F7A}"
EndProject
Project("{FAE04EC0-301F-11D3-BF4B-00C04F79EFBC}") = "ScoreTrackerMod", "TrackerMod\ScoreTrackerMod.csproj", "{13775AB1-902E-4595-A5C4-049F0391CD37}"
EndProject
Project("{FAE04EC0-301F-11D3-BF4B-00C04F79EFBC}") = "consoleTest", "consoleTest\consoleTest.csproj", "{A041E375-8EC5-4144-AAD1-6ECE1BFDB40A}"
EndProject
Project("{FAE04EC0-301F-11D3-BF4B-00C04F79EFBC}") = "RopesAndDreams", "RopesAndDreams\RopesAndDreams.csproj", "{38431FD0-ABD1-4CA3-8B89-923FC0FD34BF}"
EndProject
Project("{FAE04EC0-301F-11D3-BF4B-00C04F79EFBC}") = "LapMod", "LapMod\LapMod.csproj", "{A60472E3-6265-48A6-B676-7DDA27D54785}"
EndProject
Project("{FAE04EC0-301F-11D3-BF4B-00C04F79EFBC}") = "GuardianSemaphore", "GuardianSemaphore\GuardianSemaphore.csproj", "{D65809EF-5B80-49AF-BCA1-B2590D13662D}"
EndProject
Project("{FAE04EC0-301F-11D3-BF4B-00C04F79EFBC}") = "CoolCatTailFix", "CoolCatTailFix\CoolCatTailFix.csproj", "{EBB1EB50-7CB8-4E95-BC2D-FB3F5571A47E}"
EndProject
Project("{FAE04EC0-301F-11D3-BF4B-00C04F79EFBC}") = "UwUMod", "UWUMod\UwUMod.csproj", "{E444DADE-2650-4C55-80A7-6BB01B8A9441}"
EndProject
Global
	GlobalSection(SolutionConfigurationPlatforms) = preSolution
		Debug|Any CPU = Debug|Any CPU
		Release|Any CPU = Release|Any CPU
	EndGlobalSection
	GlobalSection(ProjectConfigurationPlatforms) = postSolution
		{850808B4-E69C-4BC2-8970-0EF1B08B22A9}.Debug|Any CPU.ActiveCfg = Debug|Any CPU
		{850808B4-E69C-4BC2-8970-0EF1B08B22A9}.Debug|Any CPU.Build.0 = Debug|Any CPU
		{850808B4-E69C-4BC2-8970-0EF1B08B22A9}.Release|Any CPU.ActiveCfg = Release|Any CPU
		{850808B4-E69C-4BC2-8970-0EF1B08B22A9}.Release|Any CPU.Build.0 = Release|Any CPU
		{C3F50E6B-96B3-4206-9D5E-AC03B5F27F7A}.Debug|Any CPU.ActiveCfg = Debug|Any CPU
		{C3F50E6B-96B3-4206-9D5E-AC03B5F27F7A}.Debug|Any CPU.Build.0 = Debug|Any CPU
		{C3F50E6B-96B3-4206-9D5E-AC03B5F27F7A}.Release|Any CPU.ActiveCfg = Release|Any CPU
		{C3F50E6B-96B3-4206-9D5E-AC03B5F27F7A}.Release|Any CPU.Build.0 = Release|Any CPU
		{13775AB1-902E-4595-A5C4-049F0391CD37}.Debug|Any CPU.ActiveCfg = Debug|Any CPU
		{13775AB1-902E-4595-A5C4-049F0391CD37}.Debug|Any CPU.Build.0 = Debug|Any CPU
		{13775AB1-902E-4595-A5C4-049F0391CD37}.Release|Any CPU.ActiveCfg = Release|Any CPU
		{13775AB1-902E-4595-A5C4-049F0391CD37}.Release|Any CPU.Build.0 = Release|Any CPU
		{A041E375-8EC5-4144-AAD1-6ECE1BFDB40A}.Debug|Any CPU.ActiveCfg = Debug|Any CPU
		{A041E375-8EC5-4144-AAD1-6ECE1BFDB40A}.Debug|Any CPU.Build.0 = Debug|Any CPU
		{A041E375-8EC5-4144-AAD1-6ECE1BFDB40A}.Release|Any CPU.ActiveCfg = Release|Any CPU
		{A041E375-8EC5-4144-AAD1-6ECE1BFDB40A}.Release|Any CPU.Build.0 = Release|Any CPU
		{38431FD0-ABD1-4CA3-8B89-923FC0FD34BF}.Debug|Any CPU.ActiveCfg = Debug|Any CPU
		{38431FD0-ABD1-4CA3-8B89-923FC0FD34BF}.Debug|Any CPU.Build.0 = Debug|Any CPU
		{38431FD0-ABD1-4CA3-8B89-923FC0FD34BF}.Release|Any CPU.ActiveCfg = Release|Any CPU
		{38431FD0-ABD1-4CA3-8B89-923FC0FD34BF}.Release|Any CPU.Build.0 = Release|Any CPU
		{A60472E3-6265-48A6-B676-7DDA27D54785}.Debug|Any CPU.ActiveCfg = Debug|Any CPU
		{A60472E3-6265-48A6-B676-7DDA27D54785}.Debug|Any CPU.Build.0 = Debug|Any CPU
		{A60472E3-6265-48A6-B676-7DDA27D54785}.Release|Any CPU.ActiveCfg = Release|Any CPU
		{A60472E3-6265-48A6-B676-7DDA27D54785}.Release|Any CPU.Build.0 = Release|Any CPU
		{D65809EF-5B80-49AF-BCA1-B2590D13662D}.Debug|Any CPU.ActiveCfg = Debug|Any CPU
		{D65809EF-5B80-49AF-BCA1-B2590D13662D}.Debug|Any CPU.Build.0 = Debug|Any CPU
		{D65809EF-5B80-49AF-BCA1-B2590D13662D}.Release|Any CPU.ActiveCfg = Release|Any CPU
		{D65809EF-5B80-49AF-BCA1-B2590D13662D}.Release|Any CPU.Build.0 = Release|Any CPU
		{EBB1EB50-7CB8-4E95-BC2D-FB3F5571A47E}.Debug|Any CPU.ActiveCfg = Debug|Any CPU
		{EBB1EB50-7CB8-4E95-BC2D-FB3F5571A47E}.Debug|Any CPU.Build.0 = Debug|Any CPU
		{EBB1EB50-7CB8-4E95-BC2D-FB3F5571A47E}.Release|Any CPU.ActiveCfg = Release|Any CPU
		{EBB1EB50-7CB8-4E95-BC2D-FB3F5571A47E}.Release|Any CPU.Build.0 = Release|Any CPU
		{E444DADE-2650-4C55-80A7-6BB01B8A9441}.Debug|Any CPU.ActiveCfg = Debug|Any CPU
		{E444DADE-2650-4C55-80A7-6BB01B8A9441}.Debug|Any CPU.Build.0 = Debug|Any CPU
		{E444DADE-2650-4C55-80A7-6BB01B8A9441}.Release|Any CPU.ActiveCfg = Release|Any CPU
		{E444DADE-2650-4C55-80A7-6BB01B8A9441}.Release|Any CPU.Build.0 = Release|Any CPU
	EndGlobalSection
	GlobalSection(SolutionProperties) = preSolution
		HideSolutionNode = FALSE
	EndGlobalSection
	GlobalSection(ExtensibilityGlobals) = postSolution
		SolutionGuid = {3C44D97F-31BF-47FA-B61F-85DB14563321}
	EndGlobalSection
EndGlobal
