
Microsoft Visual Studio Solution File, Format Version 12.00
# Visual Studio Version 16
VisualStudioVersion = 16.0.30320.27
MinimumVisualStudioVersion = 10.0.40219.1
Project("{FAE04EC0-301F-11D3-BF4B-00C04F79EFBC}") = "NudeMod", "NudeMod\NudeMod.csproj", "{850808B4-E69C-4BC2-8970-0EF1B08B22A9}"
EndProject
Project("{FAE04EC0-301F-11D3-BF4B-00C04F79EFBC}") = "ScavsHaveBadAim", "ScavsHaveBadAim\ScavsHaveBadAim.csproj", "{C3F50E6B-96B3-4206-9D5E-AC03B5F27F7A}"
EndProject
Project("{FAE04EC0-301F-11D3-BF4B-00C04F79EFBC}") = "ScoreTrackerMod", "TrackerMod\ScoreTrackerMod.csproj", "{13775AB1-902E-4595-A5C4-049F0391CD37}"
EndProject
Project("{FAE04EC0-301F-11D3-BF4B-00C04F79EFBC}") = "consoleTest", "consoleTest\consoleTest.csproj", "{A041E375-8EC5-4144-AAD1-6ECE1BFDB40A}"
EndProject
Project("{FAE04EC0-301F-11D3-BF4B-00C04F79EFBC}") = "RopesAndDreams", "RopesAndDreams\RopesAndDreams.csproj", "{38431FD0-ABD1-4CA3-8B89-923FC0FD34BF}"
EndProject
Project("{FAE04EC0-301F-11D3-BF4B-00C04F79EFBC}") = "LapMod", "LapMod\LapMod.csproj", "{A60472E3-6265-48A6-B676-7DDA27D54785}"
EndProject
Project("{FAE04EC0-301F-11D3-BF4B-00C04F79EFBC}") = "GuardianSemaphore", "GuardianSemaphore\GuardianSemaphore.csproj", "{D65809EF-5B80-49AF-BCA1-B2590D13662D}"
EndProject
Project("{FAE04EC0-301F-11D3-BF4B-00C04F79EFBC}") = "UwUMod", "UWUMod\UwUMod.csproj", "{E444DADE-2650-4C55-80A7-6BB01B8A9441}"
EndProject
Project("{FAE04EC0-301F-11D3-BF4B-00C04F79EFBC}") = "SlugcatIsInvisible", "SlugcatIsInvisible\SlugcatIsInvisible.csproj", "{E27EBC83-ADC5-45D9-A4AF-1361859B6387}"
EndProject
Project("{FAE04EC0-301F-11D3-BF4B-00C04F79EFBC}") = "LizardSkin", "LizardSkin\LizardSkin.csproj", "{61CC62BE-031E-475E-B30C-0E0AC08AE4F2}"
EndProject
Project("{FAE04EC0-301F-11D3-BF4B-00C04F79EFBC}") = "KeybindsRandomizer", "KeybindsRandomizer\KeybindsRandomizer.csproj", "{8D717714-DA60-4DDA-8B93-1A186D5D1437}"
EndProject
Project("{FAE04EC0-301F-11D3-BF4B-00C04F79EFBC}") = "NewGamePassageMod", "NewGamePassageMod\NewGamePassageMod.csproj", "{9EA4ADC2-8922-4831-A527-8735E1277607}"
EndProject
Project("{FAE04EC0-301F-11D3-BF4B-00C04F79EFBC}") = "Climbables", "Climbables\Climbables.csproj", "{7AE76355-80C1-4268-ABA7-E73836345C32}"
EndProject
Project("{FAE04EC0-301F-11D3-BF4B-00C04F79EFBC}") = "DevelopmentBuild", "DevelopmentBuild\DevelopmentBuild.csproj", "{423B0193-15D1-442E-83CF-DFC6F00175FE}"
EndProject
Project("{FAE04EC0-301F-11D3-BF4B-00C04F79EFBC}") = "ConcealedGarden", "ConcealedGarden\ConcealedGarden.csproj", "{C239E36C-33C7-4CBD-830E-E644F9FFF8B0}"
EndProject
Global
	GlobalSection(SolutionConfigurationPlatforms) = preSolution
		Debug|Any CPU = Debug|Any CPU
		Release|Any CPU = Release|Any CPU
	EndGlobalSection
	GlobalSection(ProjectConfigurationPlatforms) = postSolution
		{850808B4-E69C-4BC2-8970-0EF1B08B22A9}.Debug|Any CPU.ActiveCfg = Debug|Any CPU
		{850808B4-E69C-4BC2-8970-0EF1B08B22A9}.Debug|Any CPU.Build.0 = Debug|Any CPU
		{850808B4-E69C-4BC2-8970-0EF1B08B22A9}.Release|Any CPU.ActiveCfg = Release|Any CPU
		{850808B4-E69C-4BC2-8970-0EF1B08B22A9}.Release|Any CPU.Build.0 = Release|Any CPU
		{C3F50E6B-96B3-4206-9D5E-AC03B5F27F7A}.Debug|Any CPU.ActiveCfg = Debug|Any CPU
		{C3F50E6B-96B3-4206-9D5E-AC03B5F27F7A}.Debug|Any CPU.Build.0 = Debug|Any CPU
		{C3F50E6B-96B3-4206-9D5E-AC03B5F27F7A}.Release|Any CPU.ActiveCfg = Release|Any CPU
		{C3F50E6B-96B3-4206-9D5E-AC03B5F27F7A}.Release|Any CPU.Build.0 = Release|Any CPU
		{13775AB1-902E-4595-A5C4-049F0391CD37}.Debug|Any CPU.ActiveCfg = Debug|Any CPU
		{13775AB1-902E-4595-A5C4-049F0391CD37}.Debug|Any CPU.Build.0 = Debug|Any CPU
		{13775AB1-902E-4595-A5C4-049F0391CD37}.Release|Any CPU.ActiveCfg = Release|Any CPU
		{13775AB1-902E-4595-A5C4-049F0391CD37}.Release|Any CPU.Build.0 = Release|Any CPU
		{A041E375-8EC5-4144-AAD1-6ECE1BFDB40A}.Debug|Any CPU.ActiveCfg = Debug|Any CPU
		{A041E375-8EC5-4144-AAD1-6ECE1BFDB40A}.Debug|Any CPU.Build.0 = Debug|Any CPU
		{A041E375-8EC5-4144-AAD1-6ECE1BFDB40A}.Release|Any CPU.ActiveCfg = Release|Any CPU
		{A041E375-8EC5-4144-AAD1-6ECE1BFDB40A}.Release|Any CPU.Build.0 = Release|Any CPU
		{38431FD0-ABD1-4CA3-8B89-923FC0FD34BF}.Debug|Any CPU.ActiveCfg = Debug|Any CPU
		{38431FD0-ABD1-4CA3-8B89-923FC0FD34BF}.Debug|Any CPU.Build.0 = Debug|Any CPU
		{38431FD0-ABD1-4CA3-8B89-923FC0FD34BF}.Release|Any CPU.ActiveCfg = Release|Any CPU
		{38431FD0-ABD1-4CA3-8B89-923FC0FD34BF}.Release|Any CPU.Build.0 = Release|Any CPU
		{A60472E3-6265-48A6-B676-7DDA27D54785}.Debug|Any CPU.ActiveCfg = Debug|Any CPU
		{A60472E3-6265-48A6-B676-7DDA27D54785}.Debug|Any CPU.Build.0 = Debug|Any CPU
		{A60472E3-6265-48A6-B676-7DDA27D54785}.Release|Any CPU.ActiveCfg = Release|Any CPU
		{A60472E3-6265-48A6-B676-7DDA27D54785}.Release|Any CPU.Build.0 = Release|Any CPU
		{D65809EF-5B80-49AF-BCA1-B2590D13662D}.Debug|Any CPU.ActiveCfg = Debug|Any CPU
		{D65809EF-5B80-49AF-BCA1-B2590D13662D}.Debug|Any CPU.Build.0 = Debug|Any CPU
		{D65809EF-5B80-49AF-BCA1-B2590D13662D}.Release|Any CPU.ActiveCfg = Release|Any CPU
		{D65809EF-5B80-49AF-BCA1-B2590D13662D}.Release|Any CPU.Build.0 = Release|Any CPU
		{E444DADE-2650-4C55-80A7-6BB01B8A9441}.Debug|Any CPU.ActiveCfg = Debug|Any CPU
		{E444DADE-2650-4C55-80A7-6BB01B8A9441}.Debug|Any CPU.Build.0 = Debug|Any CPU
		{E444DADE-2650-4C55-80A7-6BB01B8A9441}.Release|Any CPU.ActiveCfg = Release|Any CPU
		{E444DADE-2650-4C55-80A7-6BB01B8A9441}.Release|Any CPU.Build.0 = Release|Any CPU
		{E27EBC83-ADC5-45D9-A4AF-1361859B6387}.Debug|Any CPU.ActiveCfg = Debug|Any CPU
		{E27EBC83-ADC5-45D9-A4AF-1361859B6387}.Debug|Any CPU.Build.0 = Debug|Any CPU
		{E27EBC83-ADC5-45D9-A4AF-1361859B6387}.Release|Any CPU.ActiveCfg = Release|Any CPU
		{E27EBC83-ADC5-45D9-A4AF-1361859B6387}.Release|Any CPU.Build.0 = Release|Any CPU
		{61CC62BE-031E-475E-B30C-0E0AC08AE4F2}.Debug|Any CPU.ActiveCfg = Debug|Any CPU
		{61CC62BE-031E-475E-B30C-0E0AC08AE4F2}.Debug|Any CPU.Build.0 = Debug|Any CPU
		{61CC62BE-031E-475E-B30C-0E0AC08AE4F2}.Release|Any CPU.ActiveCfg = Release|Any CPU
		{61CC62BE-031E-475E-B30C-0E0AC08AE4F2}.Release|Any CPU.Build.0 = Release|Any CPU
		{8D717714-DA60-4DDA-8B93-1A186D5D1437}.Debug|Any CPU.ActiveCfg = Debug|Any CPU
		{8D717714-DA60-4DDA-8B93-1A186D5D1437}.Debug|Any CPU.Build.0 = Debug|Any CPU
		{8D717714-DA60-4DDA-8B93-1A186D5D1437}.Release|Any CPU.ActiveCfg = Release|Any CPU
		{8D717714-DA60-4DDA-8B93-1A186D5D1437}.Release|Any CPU.Build.0 = Release|Any CPU
		{9EA4ADC2-8922-4831-A527-8735E1277607}.Debug|Any CPU.ActiveCfg = Debug|Any CPU
		{9EA4ADC2-8922-4831-A527-8735E1277607}.Debug|Any CPU.Build.0 = Debug|Any CPU
		{9EA4ADC2-8922-4831-A527-8735E1277607}.Release|Any CPU.ActiveCfg = Release|Any CPU
		{9EA4ADC2-8922-4831-A527-8735E1277607}.Release|Any CPU.Build.0 = Release|Any CPU
		{7AE76355-80C1-4268-ABA7-E73836345C32}.Debug|Any CPU.ActiveCfg = Debug|Any CPU
		{7AE76355-80C1-4268-ABA7-E73836345C32}.Debug|Any CPU.Build.0 = Debug|Any CPU
		{7AE76355-80C1-4268-ABA7-E73836345C32}.Release|Any CPU.ActiveCfg = Release|Any CPU
		{7AE76355-80C1-4268-ABA7-E73836345C32}.Release|Any CPU.Build.0 = Release|Any CPU
		{423B0193-15D1-442E-83CF-DFC6F00175FE}.Debug|Any CPU.ActiveCfg = Debug|Any CPU
		{423B0193-15D1-442E-83CF-DFC6F00175FE}.Debug|Any CPU.Build.0 = Debug|Any CPU
		{423B0193-15D1-442E-83CF-DFC6F00175FE}.Release|Any CPU.ActiveCfg = Release|Any CPU
		{423B0193-15D1-442E-83CF-DFC6F00175FE}.Release|Any CPU.Build.0 = Release|Any CPU
		{C239E36C-33C7-4CBD-830E-E644F9FFF8B0}.Debug|Any CPU.ActiveCfg = Debug|Any CPU
		{C239E36C-33C7-4CBD-830E-E644F9FFF8B0}.Debug|Any CPU.Build.0 = Debug|Any CPU
		{C239E36C-33C7-4CBD-830E-E644F9FFF8B0}.Release|Any CPU.ActiveCfg = Release|Any CPU
		{C239E36C-33C7-4CBD-830E-E644F9FFF8B0}.Release|Any CPU.Build.0 = Release|Any CPU
	EndGlobalSection
	GlobalSection(SolutionProperties) = preSolution
		HideSolutionNode = FALSE
	EndGlobalSection
	GlobalSection(ExtensibilityGlobals) = postSolution
		SolutionGuid = {3C44D97F-31BF-47FA-B61F-85DB14563321}
	EndGlobalSection
EndGlobal
